
Microsoft Visual Studio Solution File, Format Version 12.00
# Visual Studio Version 16
VisualStudioVersion = 16.0.28803.452
MinimumVisualStudioVersion = 10.0.40219.1
Project("{FAE04EC0-301F-11D3-BF4B-00C04F79EFBC}") = "RBtn_Msg", "RBtn_Msg\RBtn_Msg.csproj", "{D24D01B5-2F95-4D6C-BC54-2819ADDB4878}"
EndProject
Global
	GlobalSection(SolutionConfigurationPlatforms) = preSolution
		Debug|Any CPU = Debug|Any CPU
		Release|Any CPU = Release|Any CPU
	EndGlobalSection
	GlobalSection(ProjectConfigurationPlatforms) = postSolution
		{D24D01B5-2F95-4D6C-BC54-2819ADDB4878}.Debug|Any CPU.ActiveCfg = Debug|Any CPU
		{D24D01B5-2F95-4D6C-BC54-2819ADDB4878}.Debug|Any CPU.Build.0 = Debug|Any CPU
		{D24D01B5-2F95-4D6C-BC54-2819ADDB4878}.Release|Any CPU.ActiveCfg = Release|Any CPU
		{D24D01B5-2F95-4D6C-BC54-2819ADDB4878}.Release|Any CPU.Build.0 = Release|Any CPU
	EndGlobalSection
	GlobalSection(SolutionProperties) = preSolution
		HideSolutionNode = FALSE
	EndGlobalSection
	GlobalSection(ExtensibilityGlobals) = postSolution
		SolutionGuid = {8EA0AF30-24FB-49C2-8D93-38678A8B361C}
	EndGlobalSection
EndGlobal
